
Microsoft Visual Studio Solution File, Format Version 12.00
# Visual Studio Version 17
VisualStudioVersion = 17.5.33530.505
MinimumVisualStudioVersion = 10.0.40219.1
Project("{FAE04EC0-301F-11D3-BF4B-00C04F79EFBC}") = "ManualC#", "ManualC#\ManualC#.csproj", "{007A2D02-9FEB-4000-AA1C-F0EAC5D40F66}"
EndProject
Global
	GlobalSection(SolutionConfigurationPlatforms) = preSolution
		Debug|Any CPU = Debug|Any CPU
		Release|Any CPU = Release|Any CPU
	EndGlobalSection
	GlobalSection(ProjectConfigurationPlatforms) = postSolution
		{007A2D02-9FEB-4000-AA1C-F0EAC5D40F66}.Debug|Any CPU.ActiveCfg = Debug|Any CPU
		{007A2D02-9FEB-4000-AA1C-F0EAC5D40F66}.Debug|Any CPU.Build.0 = Debug|Any CPU
		{007A2D02-9FEB-4000-AA1C-F0EAC5D40F66}.Release|Any CPU.ActiveCfg = Release|Any CPU
		{007A2D02-9FEB-4000-AA1C-F0EAC5D40F66}.Release|Any CPU.Build.0 = Release|Any CPU
	EndGlobalSection
	GlobalSection(SolutionProperties) = preSolution
		HideSolutionNode = FALSE
	EndGlobalSection
	GlobalSection(ExtensibilityGlobals) = postSolution
		SolutionGuid = {AE783DBB-352E-4D4B-9D8C-9F065B143B0F}
	EndGlobalSection
EndGlobal
